
Microsoft Visual Studio Solution File, Format Version 12.00
# Visual Studio Version 17
VisualStudioVersion = 17.8.34112.27
MinimumVisualStudioVersion = 10.0.40219.1
Project("{9A19103F-16F7-4668-BE54-9A1E7A4F7556}") = "Real_Estate_Dapper_Api", "Real_Estate_Dapper_Api\Real_Estate_Dapper_Api.csproj", "{D204D809-AABD-40A1-BDBA-5BEDDCB984A1}"
EndProject
Project("{FAE04EC0-301F-11D3-BF4B-00C04F79EFBC}") = "RealEstate_Dapper_UI", "RealEstate_Dapper_UI\RealEstate_Dapper_UI.csproj", "{9596B77E-0455-449F-8A52-A48E764FF3AB}"
EndProject
Global
	GlobalSection(SolutionConfigurationPlatforms) = preSolution
		Debug|Any CPU = Debug|Any CPU
		Release|Any CPU = Release|Any CPU
	EndGlobalSection
	GlobalSection(ProjectConfigurationPlatforms) = postSolution
		{D204D809-AABD-40A1-BDBA-5BEDDCB984A1}.Debug|Any CPU.ActiveCfg = Debug|Any CPU
		{D204D809-AABD-40A1-BDBA-5BEDDCB984A1}.Debug|Any CPU.Build.0 = Debug|Any CPU
		{D204D809-AABD-40A1-BDBA-5BEDDCB984A1}.Release|Any CPU.ActiveCfg = Release|Any CPU
		{D204D809-AABD-40A1-BDBA-5BEDDCB984A1}.Release|Any CPU.Build.0 = Release|Any CPU
		{9596B77E-0455-449F-8A52-A48E764FF3AB}.Debug|Any CPU.ActiveCfg = Debug|Any CPU
		{9596B77E-0455-449F-8A52-A48E764FF3AB}.Debug|Any CPU.Build.0 = Debug|Any CPU
		{9596B77E-0455-449F-8A52-A48E764FF3AB}.Release|Any CPU.ActiveCfg = Release|Any CPU
		{9596B77E-0455-449F-8A52-A48E764FF3AB}.Release|Any CPU.Build.0 = Release|Any CPU
	EndGlobalSection
	GlobalSection(SolutionProperties) = preSolution
		HideSolutionNode = FALSE
	EndGlobalSection
	GlobalSection(ExtensibilityGlobals) = postSolution
		SolutionGuid = {D2270864-C175-40C7-9B5E-3B42CD354352}
	EndGlobalSection
EndGlobal
